
Microsoft Visual Studio Solution File, Format Version 12.00
# Visual Studio Version 16
VisualStudioVersion = 16.0.29306.81
MinimumVisualStudioVersion = 10.0.40219.1
Project("{FAE04EC0-301F-11D3-BF4B-00C04F79EFBC}") = "basic_operations", "basic_operations.csproj", "{51DAADD4-F451-4EE6-AA2D-E56DEDE9B592}"
EndProject
Global
	GlobalSection(SolutionConfigurationPlatforms) = preSolution
		Debug|Any CPU = Debug|Any CPU
		Release|Any CPU = Release|Any CPU
	EndGlobalSection
	GlobalSection(ProjectConfigurationPlatforms) = postSolution
		{51DAADD4-F451-4EE6-AA2D-E56DEDE9B592}.Debug|Any CPU.ActiveCfg = Debug|Any CPU
		{51DAADD4-F451-4EE6-AA2D-E56DEDE9B592}.Debug|Any CPU.Build.0 = Debug|Any CPU
		{51DAADD4-F451-4EE6-AA2D-E56DEDE9B592}.Release|Any CPU.ActiveCfg = Release|Any CPU
		{51DAADD4-F451-4EE6-AA2D-E56DEDE9B592}.Release|Any CPU.Build.0 = Release|Any CPU
	EndGlobalSection
	GlobalSection(SolutionProperties) = preSolution
		HideSolutionNode = FALSE
	EndGlobalSection
	GlobalSection(ExtensibilityGlobals) = postSolution
		SolutionGuid = {27860311-9290-42B4-B42B-8E323950CA1D}
	EndGlobalSection
EndGlobal
