
Microsoft Visual Studio Solution File, Format Version 12.00
# Visual Studio Version 16
VisualStudioVersion = 16.0.29409.12
MinimumVisualStudioVersion = 10.0.40219.1
Project("{FAE04EC0-301F-11D3-BF4B-00C04F79EFBC}") = "shell_short", "shell_short.csproj", "{A6802D0D-7A71-4C99-B304-3D269994C813}"
EndProject
Global
	GlobalSection(SolutionConfigurationPlatforms) = preSolution
		Debug|Any CPU = Debug|Any CPU
		Release|Any CPU = Release|Any CPU
	EndGlobalSection
	GlobalSection(ProjectConfigurationPlatforms) = postSolution
		{A6802D0D-7A71-4C99-B304-3D269994C813}.Debug|Any CPU.ActiveCfg = Debug|Any CPU
		{A6802D0D-7A71-4C99-B304-3D269994C813}.Debug|Any CPU.Build.0 = Debug|Any CPU
		{A6802D0D-7A71-4C99-B304-3D269994C813}.Release|Any CPU.ActiveCfg = Release|Any CPU
		{A6802D0D-7A71-4C99-B304-3D269994C813}.Release|Any CPU.Build.0 = Release|Any CPU
	EndGlobalSection
	GlobalSection(SolutionProperties) = preSolution
		HideSolutionNode = FALSE
	EndGlobalSection
	GlobalSection(ExtensibilityGlobals) = postSolution
		SolutionGuid = {BFE7DE44-B9E6-40AF-8EFD-8971BB43ACE8}
	EndGlobalSection
EndGlobal
