
Microsoft Visual Studio Solution File, Format Version 12.00
# Visual Studio Version 16
VisualStudioVersion = 16.0.29306.81
MinimumVisualStudioVersion = 10.0.40219.1
Project("{FAE04EC0-301F-11D3-BF4B-00C04F79EFBC}") = "hello_world", "hello_world\hello_world.csproj", "{F24228C0-86A3-4B56-AF04-DD04446BC151}"
EndProject
Global
	GlobalSection(SolutionConfigurationPlatforms) = preSolution
		Debug|Any CPU = Debug|Any CPU
		Release|Any CPU = Release|Any CPU
	EndGlobalSection
	GlobalSection(ProjectConfigurationPlatforms) = postSolution
		{F24228C0-86A3-4B56-AF04-DD04446BC151}.Debug|Any CPU.ActiveCfg = Debug|Any CPU
		{F24228C0-86A3-4B56-AF04-DD04446BC151}.Debug|Any CPU.Build.0 = Debug|Any CPU
		{F24228C0-86A3-4B56-AF04-DD04446BC151}.Release|Any CPU.ActiveCfg = Release|Any CPU
		{F24228C0-86A3-4B56-AF04-DD04446BC151}.Release|Any CPU.Build.0 = Release|Any CPU
	EndGlobalSection
	GlobalSection(SolutionProperties) = preSolution
		HideSolutionNode = FALSE
	EndGlobalSection
	GlobalSection(ExtensibilityGlobals) = postSolution
		SolutionGuid = {641A954B-68E0-4DC0-B1BB-24F2EA10F9C5}
	EndGlobalSection
EndGlobal
