
Microsoft Visual Studio Solution File, Format Version 12.00
# Visual Studio Version 16
VisualStudioVersion = 16.0.29306.81
MinimumVisualStudioVersion = 10.0.40219.1
Project("{FAE04EC0-301F-11D3-BF4B-00C04F79EFBC}") = "looping_arrays_and_string_builder", "looping_arrays_and_string_builder.csproj", "{2CF49A98-C976-4A7D-941A-E7EBBFC9956C}"
EndProject
Global
	GlobalSection(SolutionConfigurationPlatforms) = preSolution
		Debug|Any CPU = Debug|Any CPU
		Release|Any CPU = Release|Any CPU
	EndGlobalSection
	GlobalSection(ProjectConfigurationPlatforms) = postSolution
		{2CF49A98-C976-4A7D-941A-E7EBBFC9956C}.Debug|Any CPU.ActiveCfg = Debug|Any CPU
		{2CF49A98-C976-4A7D-941A-E7EBBFC9956C}.Debug|Any CPU.Build.0 = Debug|Any CPU
		{2CF49A98-C976-4A7D-941A-E7EBBFC9956C}.Release|Any CPU.ActiveCfg = Release|Any CPU
		{2CF49A98-C976-4A7D-941A-E7EBBFC9956C}.Release|Any CPU.Build.0 = Release|Any CPU
	EndGlobalSection
	GlobalSection(SolutionProperties) = preSolution
		HideSolutionNode = FALSE
	EndGlobalSection
	GlobalSection(ExtensibilityGlobals) = postSolution
		SolutionGuid = {32E3F366-F599-4102-A961-11A34269EEFD}
	EndGlobalSection
EndGlobal
